
Microsoft Visual Studio Solution File, Format Version 12.00
# Visual Studio Version 17
VisualStudioVersion = 17.2.32526.322
MinimumVisualStudioVersion = 10.0.40219.1
Project("{8BC9CEB8-8B4A-11D0-8D11-00A0C91BC942}") = "HW23_References", "HW23_References\HW23_References.vcxproj", "{44BEF9BE-4ABE-40E2-A9AA-96BF81D256D6}"
EndProject
Global
	GlobalSection(SolutionConfigurationPlatforms) = preSolution
		Debug|x64 = Debug|x64
		Debug|x86 = Debug|x86
		Release|x64 = Release|x64
		Release|x86 = Release|x86
	EndGlobalSection
	GlobalSection(ProjectConfigurationPlatforms) = postSolution
		{44BEF9BE-4ABE-40E2-A9AA-96BF81D256D6}.Debug|x64.ActiveCfg = Debug|x64
		{44BEF9BE-4ABE-40E2-A9AA-96BF81D256D6}.Debug|x64.Build.0 = Debug|x64
		{44BEF9BE-4ABE-40E2-A9AA-96BF81D256D6}.Debug|x86.ActiveCfg = Debug|Win32
		{44BEF9BE-4ABE-40E2-A9AA-96BF81D256D6}.Debug|x86.Build.0 = Debug|Win32
		{44BEF9BE-4ABE-40E2-A9AA-96BF81D256D6}.Release|x64.ActiveCfg = Release|x64
		{44BEF9BE-4ABE-40E2-A9AA-96BF81D256D6}.Release|x64.Build.0 = Release|x64
		{44BEF9BE-4ABE-40E2-A9AA-96BF81D256D6}.Release|x86.ActiveCfg = Release|Win32
		{44BEF9BE-4ABE-40E2-A9AA-96BF81D256D6}.Release|x86.Build.0 = Release|Win32
	EndGlobalSection
	GlobalSection(SolutionProperties) = preSolution
		HideSolutionNode = FALSE
	EndGlobalSection
	GlobalSection(ExtensibilityGlobals) = postSolution
		SolutionGuid = {E5740812-CE9F-48EE-9BC1-FD3E5F409C9D}
	EndGlobalSection
EndGlobal
